// !$*UTF8*$!
{
	archiveVersion = 1;
	classes = {
	};
	objectVersion = 56;
	objects = {

/* Begin PBXBuildFile section */
		760ED3FB2A9FDC56008B8168 /* FolderListView.swift in Sources */ = {isa = PBXBuildFile; fileRef = 760ED3FA2A9FDC56008B8168 /* FolderListView.swift */; };
		762CB2152A48D86700F04B3F /* NoteDetailView.swift in Sources */ = {isa = PBXBuildFile; fileRef = 762CB2142A48D86700F04B3F /* NoteDetailView.swift */; };
		762CB2182A48DDE300F04B3F /* NSPredicate+Helper.swift in Sources */ = {isa = PBXBuildFile; fileRef = 762CB2172A48DDE300F04B3F /* NSPredicate+Helper.swift */; };
		7639A6B52A76B90F00DBAFD3 /* Keyword+Helper.swift in Sources */ = {isa = PBXBuildFile; fileRef = 7639A6B42A76B90F00DBAFD3 /* Keyword+Helper.swift */; };
		7639A6B72A76B9FF00DBAFD3 /* Color+Helper.swift in Sources */ = {isa = PBXBuildFile; fileRef = 7639A6B62A76B9FF00DBAFD3 /* Color+Helper.swift */; };
		7639A6BB2A76D57300DBAFD3 /* ColorClass.swift in Sources */ = {isa = PBXBuildFile; fileRef = 7639A6BA2A76D57300DBAFD3 /* ColorClass.swift */; };
		7639A6BD2A76EC3F00DBAFD3 /* KeywordTests.swift in Sources */ = {isa = PBXBuildFile; fileRef = 7639A6BC2A76EC3F00DBAFD3 /* KeywordTests.swift */; };
		76485E782A44DC6000F53AAE /* SlipBoxApp.swift in Sources */ = {isa = PBXBuildFile; fileRef = 76485E772A44DC6000F53AAE /* SlipBoxApp.swift */; };
		76485E7A2A44DC6000F53AAE /* Persistence.swift in Sources */ = {isa = PBXBuildFile; fileRef = 76485E792A44DC6000F53AAE /* Persistence.swift */; };
		76485E7D2A44DC6000F53AAE /* SlipBox.xcdatamodeld in Sources */ = {isa = PBXBuildFile; fileRef = 76485E7B2A44DC6000F53AAE /* SlipBox.xcdatamodeld */; };
		76485E7F2A44DC6000F53AAE /* ContentView.swift in Sources */ = {isa = PBXBuildFile; fileRef = 76485E7E2A44DC6000F53AAE /* ContentView.swift */; };
		76485E812A44DC6100F53AAE /* Assets.xcassets in Resources */ = {isa = PBXBuildFile; fileRef = 76485E802A44DC6100F53AAE /* Assets.xcassets */; };
		76485E852A44DC6100F53AAE /* Preview Assets.xcassets in Resources */ = {isa = PBXBuildFile; fileRef = 76485E842A44DC6100F53AAE /* Preview Assets.xcassets */; };
		76485E8F2A44DC6100F53AAE /* SlipBoxTests.swift in Sources */ = {isa = PBXBuildFile; fileRef = 76485E8E2A44DC6100F53AAE /* SlipBoxTests.swift */; };
		76485E992A44DC6100F53AAE /* SlipBoxUITests.swift in Sources */ = {isa = PBXBuildFile; fileRef = 76485E982A44DC6100F53AAE /* SlipBoxUITests.swift */; };
		76485E9B2A44DC6100F53AAE /* SlipBoxUITestsLaunchTests.swift in Sources */ = {isa = PBXBuildFile; fileRef = 76485E9A2A44DC6100F53AAE /* SlipBoxUITestsLaunchTests.swift */; };
		765E32D82A4F7FF50079227F /* NotesTests.swift in Sources */ = {isa = PBXBuildFile; fileRef = 765E32D72A4F7FF50079227F /* NotesTests.swift */; };
		766BB6492A5DEA0000692E84 /* NotePhotoSelectorButton.swift in Sources */ = {isa = PBXBuildFile; fileRef = 766BB6482A5DEA0000692E84 /* NotePhotoSelectorButton.swift */; };
		766BB64B2A5DF3FC00692E84 /* OptionalImageView.swift in Sources */ = {isa = PBXBuildFile; fileRef = 766BB64A2A5DF3FC00692E84 /* OptionalImageView.swift */; };
		766BB64E2A5DFB7900692E84 /* macOS.swift in Sources */ = {isa = PBXBuildFile; fileRef = 766BB64D2A5DFB7900692E84 /* macOS.swift */; platformFilters = (macos, ); };
		766CA6D92AA130E500BE2D47 /* FolderRow.swift in Sources */ = {isa = PBXBuildFile; fileRef = 766CA6D82AA130E500BE2D47 /* FolderRow.swift */; };
		766CA6DB2AA1313300BE2D47 /* FolderEditorView.swift in Sources */ = {isa = PBXBuildFile; fileRef = 766CA6DA2AA1313300BE2D47 /* FolderEditorView.swift */; };
		766CA7072AA4D48100BE2D47 /* NoteListView.swift in Sources */ = {isa = PBXBuildFile; fileRef = 766CA7062AA4D48100BE2D47 /* NoteListView.swift */; };
		766CA7092AA4F7E900BE2D47 /* NoteRow.swift in Sources */ = {isa = PBXBuildFile; fileRef = 766CA7082AA4F7E900BE2D47 /* NoteRow.swift */; };
		766CB5D62A479FD500FEF983 /* Note+Helper.swift in Sources */ = {isa = PBXBuildFile; fileRef = 766CB5D52A479FD500FEF983 /* Note+Helper.swift */; };
		76835AA32A5AC5260008F1C2 /* Status.swift in Sources */ = {isa = PBXBuildFile; fileRef = 76835AA22A5AC5260008F1C2 /* Status.swift */; };
		76835AA72A5AF9DF0008F1C2 /* TextViewIOSWrapper.swift in Sources */ = {isa = PBXBuildFile; fileRef = 76835AA62A5AF9DF0008F1C2 /* TextViewIOSWrapper.swift */; platformFilter = ios; };
		76835AA92A5B1CF30008F1C2 /* TextViewMacOsWrapper.swift in Sources */ = {isa = PBXBuildFile; fileRef = 76835AA82A5B1CF30008F1C2 /* TextViewMacOsWrapper.swift */; platformFilters = (macos, ); };
		76835AAB2A5B25C50008F1C2 /* NSAttributedString+Data+Helper.swift in Sources */ = {isa = PBXBuildFile; fileRef = 76835AAA2A5B25C50008F1C2 /* NSAttributedString+Data+Helper.swift */; };
		769F28E32A9D2014000EBD56 /* Folder+Helper.swift in Sources */ = {isa = PBXBuildFile; fileRef = 769F28E22A9D2014000EBD56 /* Folder+Helper.swift */; };
		769F28E72A9E8BA0000EBD56 /* FolderNotesrelationshipTests.swift in Sources */ = {isa = PBXBuildFile; fileRef = 769F28E62A9E8BA0000EBD56 /* FolderNotesrelationshipTests.swift */; };
		76E9A3E02A9D30A30074783A /* FolderTests.swift in Sources */ = {isa = PBXBuildFile; fileRef = 76E9A3DF2A9D30A30074783A /* FolderTests.swift */; };
/* End PBXBuildFile section */

/* Begin PBXContainerItemProxy section */
		76485E8B2A44DC6100F53AAE /* PBXContainerItemProxy */ = {
			isa = PBXContainerItemProxy;
			containerPortal = 76485E6C2A44DC6000F53AAE /* Project object */;
			proxyType = 1;
			remoteGlobalIDString = 76485E732A44DC6000F53AAE;
			remoteInfo = SlipBox;
		};
		76485E952A44DC6100F53AAE /* PBXContainerItemProxy */ = {
			isa = PBXContainerItemProxy;
			containerPortal = 76485E6C2A44DC6000F53AAE /* Project object */;
			proxyType = 1;
			remoteGlobalIDString = 76485E732A44DC6000F53AAE;
			remoteInfo = SlipBox;
		};
/* End PBXContainerItemProxy section */

/* Begin PBXFileReference section */
		760ED3FA2A9FDC56008B8168 /* FolderListView.swift */ = {isa = PBXFileReference; lastKnownFileType = sourcecode.swift; path = FolderListView.swift; sourceTree = "<group>"; };
		762CB2142A48D86700F04B3F /* NoteDetailView.swift */ = {isa = PBXFileReference; lastKnownFileType = sourcecode.swift; path = NoteDetailView.swift; sourceTree = "<group>"; };
		762CB2172A48DDE300F04B3F /* NSPredicate+Helper.swift */ = {isa = PBXFileReference; lastKnownFileType = sourcecode.swift; path = "NSPredicate+Helper.swift"; sourceTree = "<group>"; };
		7639A6B42A76B90F00DBAFD3 /* Keyword+Helper.swift */ = {isa = PBXFileReference; lastKnownFileType = sourcecode.swift; path = "Keyword+Helper.swift"; sourceTree = "<group>"; };
		7639A6B62A76B9FF00DBAFD3 /* Color+Helper.swift */ = {isa = PBXFileReference; lastKnownFileType = sourcecode.swift; path = "Color+Helper.swift"; sourceTree = "<group>"; };
		7639A6BA2A76D57300DBAFD3 /* ColorClass.swift */ = {isa = PBXFileReference; lastKnownFileType = sourcecode.swift; path = ColorClass.swift; sourceTree = "<group>"; };
		7639A6BC2A76EC3F00DBAFD3 /* KeywordTests.swift */ = {isa = PBXFileReference; lastKnownFileType = sourcecode.swift; path = KeywordTests.swift; sourceTree = "<group>"; };
		76485E742A44DC6000F53AAE /* SlipBox.app */ = {isa = PBXFileReference; explicitFileType = wrapper.application; includeInIndex = 0; path = SlipBox.app; sourceTree = BUILT_PRODUCTS_DIR; };
		76485E772A44DC6000F53AAE /* SlipBoxApp.swift */ = {isa = PBXFileReference; lastKnownFileType = sourcecode.swift; path = SlipBoxApp.swift; sourceTree = "<group>"; };
		76485E792A44DC6000F53AAE /* Persistence.swift */ = {isa = PBXFileReference; lastKnownFileType = sourcecode.swift; path = Persistence.swift; sourceTree = "<group>"; };
		76485E7C2A44DC6000F53AAE /* SlipBox.xcdatamodel */ = {isa = PBXFileReference; lastKnownFileType = wrapper.xcdatamodel; path = SlipBox.xcdatamodel; sourceTree = "<group>"; };
		76485E7E2A44DC6000F53AAE /* ContentView.swift */ = {isa = PBXFileReference; lastKnownFileType = sourcecode.swift; path = ContentView.swift; sourceTree = "<group>"; };
		76485E802A44DC6100F53AAE /* Assets.xcassets */ = {isa = PBXFileReference; lastKnownFileType = folder.assetcatalog; path = Assets.xcassets; sourceTree = "<group>"; };
		76485E822A44DC6100F53AAE /* SlipBox.entitlements */ = {isa = PBXFileReference; lastKnownFileType = text.plist.entitlements; path = SlipBox.entitlements; sourceTree = "<group>"; };
		76485E842A44DC6100F53AAE /* Preview Assets.xcassets */ = {isa = PBXFileReference; lastKnownFileType = folder.assetcatalog; path = "Preview Assets.xcassets"; sourceTree = "<group>"; };
		76485E8A2A44DC6100F53AAE /* SlipBoxTests.xctest */ = {isa = PBXFileReference; explicitFileType = wrapper.cfbundle; includeInIndex = 0; path = SlipBoxTests.xctest; sourceTree = BUILT_PRODUCTS_DIR; };
		76485E8E2A44DC6100F53AAE /* SlipBoxTests.swift */ = {isa = PBXFileReference; lastKnownFileType = sourcecode.swift; path = SlipBoxTests.swift; sourceTree = "<group>"; };
		76485E942A44DC6100F53AAE /* SlipBoxUITests.xctest */ = {isa = PBXFileReference; explicitFileType = wrapper.cfbundle; includeInIndex = 0; path = SlipBoxUITests.xctest; sourceTree = BUILT_PRODUCTS_DIR; };
		76485E982A44DC6100F53AAE /* SlipBoxUITests.swift */ = {isa = PBXFileReference; lastKnownFileType = sourcecode.swift; path = SlipBoxUITests.swift; sourceTree = "<group>"; };
		76485E9A2A44DC6100F53AAE /* SlipBoxUITestsLaunchTests.swift */ = {isa = PBXFileReference; lastKnownFileType = sourcecode.swift; path = SlipBoxUITestsLaunchTests.swift; sourceTree = "<group>"; };
		76485EA72A461F5D00F53AAE /* Info.plist */ = {isa = PBXFileReference; lastKnownFileType = text.plist; path = Info.plist; sourceTree = "<group>"; };
		765E32D72A4F7FF50079227F /* NotesTests.swift */ = {isa = PBXFileReference; lastKnownFileType = sourcecode.swift; path = NotesTests.swift; sourceTree = "<group>"; };
		766BB6482A5DEA0000692E84 /* NotePhotoSelectorButton.swift */ = {isa = PBXFileReference; lastKnownFileType = sourcecode.swift; path = NotePhotoSelectorButton.swift; sourceTree = "<group>"; };
		766BB64A2A5DF3FC00692E84 /* OptionalImageView.swift */ = {isa = PBXFileReference; lastKnownFileType = sourcecode.swift; path = OptionalImageView.swift; sourceTree = "<group>"; };
		766BB64D2A5DFB7900692E84 /* macOS.swift */ = {isa = PBXFileReference; lastKnownFileType = sourcecode.swift; path = macOS.swift; sourceTree = "<group>"; };
		766CA6D82AA130E500BE2D47 /* FolderRow.swift */ = {isa = PBXFileReference; lastKnownFileType = sourcecode.swift; path = FolderRow.swift; sourceTree = "<group>"; };
		766CA6DA2AA1313300BE2D47 /* FolderEditorView.swift */ = {isa = PBXFileReference; lastKnownFileType = sourcecode.swift; path = FolderEditorView.swift; sourceTree = "<group>"; };
		766CA7062AA4D48100BE2D47 /* NoteListView.swift */ = {isa = PBXFileReference; lastKnownFileType = sourcecode.swift; path = NoteListView.swift; sourceTree = "<group>"; };
		766CA7082AA4F7E900BE2D47 /* NoteRow.swift */ = {isa = PBXFileReference; lastKnownFileType = sourcecode.swift; path = NoteRow.swift; sourceTree = "<group>"; };
		766CB5D52A479FD500FEF983 /* Note+Helper.swift */ = {isa = PBXFileReference; lastKnownFileType = sourcecode.swift; path = "Note+Helper.swift"; sourceTree = "<group>"; };
		76835AA22A5AC5260008F1C2 /* Status.swift */ = {isa = PBXFileReference; lastKnownFileType = sourcecode.swift; path = Status.swift; sourceTree = "<group>"; };
		76835AA62A5AF9DF0008F1C2 /* TextViewIOSWrapper.swift */ = {isa = PBXFileReference; lastKnownFileType = sourcecode.swift; path = TextViewIOSWrapper.swift; sourceTree = "<group>"; };
		76835AA82A5B1CF30008F1C2 /* TextViewMacOsWrapper.swift */ = {isa = PBXFileReference; lastKnownFileType = sourcecode.swift; path = TextViewMacOsWrapper.swift; sourceTree = "<group>"; };
		76835AAA2A5B25C50008F1C2 /* NSAttributedString+Data+Helper.swift */ = {isa = PBXFileReference; lastKnownFileType = sourcecode.swift; path = "NSAttributedString+Data+Helper.swift"; sourceTree = "<group>"; };
		769F28E22A9D2014000EBD56 /* Folder+Helper.swift */ = {isa = PBXFileReference; lastKnownFileType = sourcecode.swift; path = "Folder+Helper.swift"; sourceTree = "<group>"; };
		769F28E62A9E8BA0000EBD56 /* FolderNotesrelationshipTests.swift */ = {isa = PBXFileReference; lastKnownFileType = sourcecode.swift; path = FolderNotesrelationshipTests.swift; sourceTree = "<group>"; };
		76E9A3DF2A9D30A30074783A /* FolderTests.swift */ = {isa = PBXFileReference; lastKnownFileType = sourcecode.swift; path = FolderTests.swift; sourceTree = "<group>"; };
/* End PBXFileReference section */

/* Begin PBXFrameworksBuildPhase section */
		76485E712A44DC6000F53AAE /* Frameworks */ = {
			isa = PBXFrameworksBuildPhase;
			buildActionMask = 2147483647;
			files = (
			);
			runOnlyForDeploymentPostprocessing = 0;
		};
		76485E872A44DC6100F53AAE /* Frameworks */ = {
			isa = PBXFrameworksBuildPhase;
			buildActionMask = 2147483647;
			files = (
			);
			runOnlyForDeploymentPostprocessing = 0;
		};
		76485E912A44DC6100F53AAE /* Frameworks */ = {
			isa = PBXFrameworksBuildPhase;
			buildActionMask = 2147483647;
			files = (
			);
			runOnlyForDeploymentPostprocessing = 0;
		};
/* End PBXFrameworksBuildPhase section */

/* Begin PBXGroup section */
		760ED3F92A9FDC3A008B8168 /* Folder */ = {
			isa = PBXGroup;
			children = (
				760ED3FA2A9FDC56008B8168 /* FolderListView.swift */,
				766CA6D82AA130E500BE2D47 /* FolderRow.swift */,
				766CA6DA2AA1313300BE2D47 /* FolderEditorView.swift */,
			);
			path = Folder;
			sourceTree = "<group>";
		};
		762CB2162A48DD8900F04B3F /* CoreDataHelper */ = {
			isa = PBXGroup;
			children = (
				76485E792A44DC6000F53AAE /* Persistence.swift */,
				762CB2172A48DDE300F04B3F /* NSPredicate+Helper.swift */,
				76835AAA2A5B25C50008F1C2 /* NSAttributedString+Data+Helper.swift */,
				7639A6B62A76B9FF00DBAFD3 /* Color+Helper.swift */,
			);
			path = CoreDataHelper;
			sourceTree = "<group>";
		};
		76485E6B2A44DC6000F53AAE = {
			isa = PBXGroup;
			children = (
				76485E762A44DC6000F53AAE /* SlipBox */,
				76485E8D2A44DC6100F53AAE /* SlipBoxTests */,
				76485E972A44DC6100F53AAE /* SlipBoxUITests */,
				76485E752A44DC6000F53AAE /* Products */,
			);
			sourceTree = "<group>";
		};
		76485E752A44DC6000F53AAE /* Products */ = {
			isa = PBXGroup;
			children = (
				76485E742A44DC6000F53AAE /* SlipBox.app */,
				76485E8A2A44DC6100F53AAE /* SlipBoxTests.xctest */,
				76485E942A44DC6100F53AAE /* SlipBoxUITests.xctest */,
			);
			name = Products;
			sourceTree = "<group>";
		};
		76485E762A44DC6000F53AAE /* SlipBox */ = {
			isa = PBXGroup;
			children = (
				76835AA42A5AF9A30008F1C2 /* Views */,
				766BB64C2A5DFB4F00692E84 /* Crossplatform */,
				762CB2162A48DD8900F04B3F /* CoreDataHelper */,
				766CB5D42A479F2900FEF983 /* Model */,
				76485EA72A461F5D00F53AAE /* Info.plist */,
				76485E772A44DC6000F53AAE /* SlipBoxApp.swift */,
				76485E7E2A44DC6000F53AAE /* ContentView.swift */,
				76485E802A44DC6100F53AAE /* Assets.xcassets */,
				76485E822A44DC6100F53AAE /* SlipBox.entitlements */,
				76485E7B2A44DC6000F53AAE /* SlipBox.xcdatamodeld */,
				76485E832A44DC6100F53AAE /* Preview Content */,
			);
			path = SlipBox;
			sourceTree = "<group>";
		};
		76485E832A44DC6100F53AAE /* Preview Content */ = {
			isa = PBXGroup;
			children = (
				76485E842A44DC6100F53AAE /* Preview Assets.xcassets */,
			);
			path = "Preview Content";
			sourceTree = "<group>";
		};
		76485E8D2A44DC6100F53AAE /* SlipBoxTests */ = {
			isa = PBXGroup;
			children = (
				765E32D72A4F7FF50079227F /* NotesTests.swift */,
				76485E8E2A44DC6100F53AAE /* SlipBoxTests.swift */,
				7639A6BA2A76D57300DBAFD3 /* ColorClass.swift */,
				7639A6BC2A76EC3F00DBAFD3 /* KeywordTests.swift */,
				76E9A3DF2A9D30A30074783A /* FolderTests.swift */,
				769F28E62A9E8BA0000EBD56 /* FolderNotesrelationshipTests.swift */,
			);
			path = SlipBoxTests;
			sourceTree = "<group>";
		};
		76485E972A44DC6100F53AAE /* SlipBoxUITests */ = {
			isa = PBXGroup;
			children = (
				76485E982A44DC6100F53AAE /* SlipBoxUITests.swift */,
				76485E9A2A44DC6100F53AAE /* SlipBoxUITestsLaunchTests.swift */,
			);
			path = SlipBoxUITests;
			sourceTree = "<group>";
		};
		766BB64C2A5DFB4F00692E84 /* Crossplatform */ = {
			isa = PBXGroup;
			children = (
				766BB64D2A5DFB7900692E84 /* macOS.swift */,
			);
			path = Crossplatform;
			sourceTree = "<group>";
		};
		766CB5D42A479F2900FEF983 /* Model */ = {
			isa = PBXGroup;
			children = (
				766CB5D52A479FD500FEF983 /* Note+Helper.swift */,
				76835AA22A5AC5260008F1C2 /* Status.swift */,
				7639A6B42A76B90F00DBAFD3 /* Keyword+Helper.swift */,
				769F28E22A9D2014000EBD56 /* Folder+Helper.swift */,
			);
			path = Model;
			sourceTree = "<group>";
		};
		76835AA42A5AF9A30008F1C2 /* Views */ = {
			isa = PBXGroup;
			children = (
				760ED3F92A9FDC3A008B8168 /* Folder */,
				762CB2142A48D86700F04B3F /* NoteDetailView.swift */,
				76835AA52A5AF9B30008F1C2 /* Note */,
			);
			path = Views;
			sourceTree = "<group>";
		};
		76835AA52A5AF9B30008F1C2 /* Note */ = {
			isa = PBXGroup;
			children = (
				76835AA62A5AF9DF0008F1C2 /* TextViewIOSWrapper.swift */,
				76835AA82A5B1CF30008F1C2 /* TextViewMacOsWrapper.swift */,
				766BB6482A5DEA0000692E84 /* NotePhotoSelectorButton.swift */,
				766BB64A2A5DF3FC00692E84 /* OptionalImageView.swift */,
				766CA7062AA4D48100BE2D47 /* NoteListView.swift */,
				766CA7082AA4F7E900BE2D47 /* NoteRow.swift */,
			);
			path = Note;
			sourceTree = "<group>";
		};
/* End PBXGroup section */

/* Begin PBXNativeTarget section */
		76485E732A44DC6000F53AAE /* SlipBox */ = {
			isa = PBXNativeTarget;
			buildConfigurationList = 76485E9E2A44DC6100F53AAE /* Build configuration list for PBXNativeTarget "SlipBox" */;
			buildPhases = (
				76485E702A44DC6000F53AAE /* Sources */,
				76485E712A44DC6000F53AAE /* Frameworks */,
				76485E722A44DC6000F53AAE /* Resources */,
			);
			buildRules = (
			);
			dependencies = (
			);
			name = SlipBox;
			productName = SlipBox;
			productReference = 76485E742A44DC6000F53AAE /* SlipBox.app */;
			productType = "com.apple.product-type.application";
		};
		76485E892A44DC6100F53AAE /* SlipBoxTests */ = {
			isa = PBXNativeTarget;
			buildConfigurationList = 76485EA12A44DC6100F53AAE /* Build configuration list for PBXNativeTarget "SlipBoxTests" */;
			buildPhases = (
				76485E862A44DC6100F53AAE /* Sources */,
				76485E872A44DC6100F53AAE /* Frameworks */,
				76485E882A44DC6100F53AAE /* Resources */,
			);
			buildRules = (
			);
			dependencies = (
				76485E8C2A44DC6100F53AAE /* PBXTargetDependency */,
			);
			name = SlipBoxTests;
			productName = SlipBoxTests;
			productReference = 76485E8A2A44DC6100F53AAE /* SlipBoxTests.xctest */;
			productType = "com.apple.product-type.bundle.unit-test";
		};
		76485E932A44DC6100F53AAE /* SlipBoxUITests */ = {
			isa = PBXNativeTarget;
			buildConfigurationList = 76485EA42A44DC6100F53AAE /* Build configuration list for PBXNativeTarget "SlipBoxUITests" */;
			buildPhases = (
				76485E902A44DC6100F53AAE /* Sources */,
				76485E912A44DC6100F53AAE /* Frameworks */,
				76485E922A44DC6100F53AAE /* Resources */,
			);
			buildRules = (
			);
			dependencies = (
				76485E962A44DC6100F53AAE /* PBXTargetDependency */,
			);
			name = SlipBoxUITests;
			productName = SlipBoxUITests;
			productReference = 76485E942A44DC6100F53AAE /* SlipBoxUITests.xctest */;
			productType = "com.apple.product-type.bundle.ui-testing";
		};
/* End PBXNativeTarget section */

/* Begin PBXProject section */
		76485E6C2A44DC6000F53AAE /* Project object */ = {
			isa = PBXProject;
			attributes = {
				BuildIndependentTargetsInParallel = 1;
				LastSwiftUpdateCheck = 1430;
				LastUpgradeCheck = 1430;
				TargetAttributes = {
					76485E732A44DC6000F53AAE = {
						CreatedOnToolsVersion = 14.3.1;
					};
					76485E892A44DC6100F53AAE = {
						CreatedOnToolsVersion = 14.3.1;
						TestTargetID = 76485E732A44DC6000F53AAE;
					};
					76485E932A44DC6100F53AAE = {
						CreatedOnToolsVersion = 14.3.1;
						TestTargetID = 76485E732A44DC6000F53AAE;
					};
				};
			};
			buildConfigurationList = 76485E6F2A44DC6000F53AAE /* Build configuration list for PBXProject "SlipBox" */;
			compatibilityVersion = "Xcode 14.0";
			developmentRegion = en;
			hasScannedForEncodings = 0;
			knownRegions = (
				en,
				Base,
			);
			mainGroup = 76485E6B2A44DC6000F53AAE;
			productRefGroup = 76485E752A44DC6000F53AAE /* Products */;
			projectDirPath = "";
			projectRoot = "";
			targets = (
				76485E732A44DC6000F53AAE /* SlipBox */,
				76485E892A44DC6100F53AAE /* SlipBoxTests */,
				76485E932A44DC6100F53AAE /* SlipBoxUITests */,
			);
		};
/* End PBXProject section */

/* Begin PBXResourcesBuildPhase section */
		76485E722A44DC6000F53AAE /* Resources */ = {
			isa = PBXResourcesBuildPhase;
			buildActionMask = 2147483647;
			files = (
				76485E852A44DC6100F53AAE /* Preview Assets.xcassets in Resources */,
				76485E812A44DC6100F53AAE /* Assets.xcassets in Resources */,
			);
			runOnlyForDeploymentPostprocessing = 0;
		};
		76485E882A44DC6100F53AAE /* Resources */ = {
			isa = PBXResourcesBuildPhase;
			buildActionMask = 2147483647;
			files = (
			);
			runOnlyForDeploymentPostprocessing = 0;
		};
		76485E922A44DC6100F53AAE /* Resources */ = {
			isa = PBXResourcesBuildPhase;
			buildActionMask = 2147483647;
			files = (
			);
			runOnlyForDeploymentPostprocessing = 0;
		};
/* End PBXResourcesBuildPhase section */

/* Begin PBXSourcesBuildPhase section */
		76485E702A44DC6000F53AAE /* Sources */ = {
			isa = PBXSourcesBuildPhase;
			buildActionMask = 2147483647;
			files = (
				76485E782A44DC6000F53AAE /* SlipBoxApp.swift in Sources */,
				766BB6492A5DEA0000692E84 /* NotePhotoSelectorButton.swift in Sources */,
				766BB64E2A5DFB7900692E84 /* macOS.swift in Sources */,
				76485E7A2A44DC6000F53AAE /* Persistence.swift in Sources */,
				766BB64B2A5DF3FC00692E84 /* OptionalImageView.swift in Sources */,
				766CB5D62A479FD500FEF983 /* Note+Helper.swift in Sources */,
				766CA6D92AA130E500BE2D47 /* FolderRow.swift in Sources */,
				766CA6DB2AA1313300BE2D47 /* FolderEditorView.swift in Sources */,
				769F28E32A9D2014000EBD56 /* Folder+Helper.swift in Sources */,
				76835AA32A5AC5260008F1C2 /* Status.swift in Sources */,
				7639A6B72A76B9FF00DBAFD3 /* Color+Helper.swift in Sources */,
				766CA7072AA4D48100BE2D47 /* NoteListView.swift in Sources */,
				76835AAB2A5B25C50008F1C2 /* NSAttributedString+Data+Helper.swift in Sources */,
				7639A6B52A76B90F00DBAFD3 /* Keyword+Helper.swift in Sources */,
				762CB2182A48DDE300F04B3F /* NSPredicate+Helper.swift in Sources */,
				760ED3FB2A9FDC56008B8168 /* FolderListView.swift in Sources */,
				762CB2152A48D86700F04B3F /* NoteDetailView.swift in Sources */,
				76835AA72A5AF9DF0008F1C2 /* TextViewIOSWrapper.swift in Sources */,
				766CA7092AA4F7E900BE2D47 /* NoteRow.swift in Sources */,
				76835AA92A5B1CF30008F1C2 /* TextViewMacOsWrapper.swift in Sources */,
				76485E7F2A44DC6000F53AAE /* ContentView.swift in Sources */,
				76485E7D2A44DC6000F53AAE /* SlipBox.xcdatamodeld in Sources */,
			);
			runOnlyForDeploymentPostprocessing = 0;
		};
		76485E862A44DC6100F53AAE /* Sources */ = {
			isa = PBXSourcesBuildPhase;
			buildActionMask = 2147483647;
			files = (
				76485E8F2A44DC6100F53AAE /* SlipBoxTests.swift in Sources */,
				769F28E72A9E8BA0000EBD56 /* FolderNotesrelationshipTests.swift in Sources */,
				7639A6BD2A76EC3F00DBAFD3 /* KeywordTests.swift in Sources */,
				76E9A3E02A9D30A30074783A /* FolderTests.swift in Sources */,
				765E32D82A4F7FF50079227F /* NotesTests.swift in Sources */,
				7639A6BB2A76D57300DBAFD3 /* ColorClass.swift in Sources */,
			);
			runOnlyForDeploymentPostprocessing = 0;
		};
		76485E902A44DC6100F53AAE /* Sources */ = {
			isa = PBXSourcesBuildPhase;
			buildActionMask = 2147483647;
			files = (
				76485E9B2A44DC6100F53AAE /* SlipBoxUITestsLaunchTests.swift in Sources */,
				76485E992A44DC6100F53AAE /* SlipBoxUITests.swift in Sources */,
			);
			runOnlyForDeploymentPostprocessing = 0;
		};
/* End PBXSourcesBuildPhase section */

/* Begin PBXTargetDependency section */
		76485E8C2A44DC6100F53AAE /* PBXTargetDependency */ = {
			isa = PBXTargetDependency;
			target = 76485E732A44DC6000F53AAE /* SlipBox */;
			targetProxy = 76485E8B2A44DC6100F53AAE /* PBXContainerItemProxy */;
		};
		76485E962A44DC6100F53AAE /* PBXTargetDependency */ = {
			isa = PBXTargetDependency;
			target = 76485E732A44DC6000F53AAE /* SlipBox */;
			targetProxy = 76485E952A44DC6100F53AAE /* PBXContainerItemProxy */;
		};
/* End PBXTargetDependency section */

/* Begin XCBuildConfiguration section */
		76485E9C2A44DC6100F53AAE /* Debug */ = {
			isa = XCBuildConfiguration;
			buildSettings = {
				ALWAYS_SEARCH_USER_PATHS = NO;
				CLANG_ANALYZER_NONNULL = YES;
				CLANG_ANALYZER_NUMBER_OBJECT_CONVERSION = YES_AGGRESSIVE;
				CLANG_CXX_LANGUAGE_STANDARD = "gnu++20";
				CLANG_ENABLE_MODULES = YES;
				CLANG_ENABLE_OBJC_ARC = YES;
				CLANG_ENABLE_OBJC_WEAK = YES;
				CLANG_WARN_BLOCK_CAPTURE_AUTORELEASING = YES;
				CLANG_WARN_BOOL_CONVERSION = YES;
				CLANG_WARN_COMMA = YES;
				CLANG_WARN_CONSTANT_CONVERSION = YES;
				CLANG_WARN_DEPRECATED_OBJC_IMPLEMENTATIONS = YES;
				CLANG_WARN_DIRECT_OBJC_ISA_USAGE = YES_ERROR;
				CLANG_WARN_DOCUMENTATION_COMMENTS = YES;
				CLANG_WARN_EMPTY_BODY = YES;
				CLANG_WARN_ENUM_CONVERSION = YES;
				CLANG_WARN_INFINITE_RECURSION = YES;
				CLANG_WARN_INT_CONVERSION = YES;
				CLANG_WARN_NON_LITERAL_NULL_CONVERSION = YES;
				CLANG_WARN_OBJC_IMPLICIT_RETAIN_SELF = YES;
				CLANG_WARN_OBJC_LITERAL_CONVERSION = YES;
				CLANG_WARN_OBJC_ROOT_CLASS = YES_ERROR;
				CLANG_WARN_QUOTED_INCLUDE_IN_FRAMEWORK_HEADER = YES;
				CLANG_WARN_RANGE_LOOP_ANALYSIS = YES;
				CLANG_WARN_STRICT_PROTOTYPES = YES;
				CLANG_WARN_SUSPICIOUS_MOVE = YES;
				CLANG_WARN_UNGUARDED_AVAILABILITY = YES_AGGRESSIVE;
				CLANG_WARN_UNREACHABLE_CODE = YES;
				CLANG_WARN__DUPLICATE_METHOD_MATCH = YES;
				COPY_PHASE_STRIP = NO;
				DEBUG_INFORMATION_FORMAT = dwarf;
				ENABLE_STRICT_OBJC_MSGSEND = YES;
				ENABLE_TESTABILITY = YES;
				GCC_C_LANGUAGE_STANDARD = gnu11;
				GCC_DYNAMIC_NO_PIC = NO;
				GCC_NO_COMMON_BLOCKS = YES;
				GCC_OPTIMIZATION_LEVEL = 0;
				GCC_PREPROCESSOR_DEFINITIONS = (
					"DEBUG=1",
					"$(inherited)",
				);
				GCC_WARN_64_TO_32_BIT_CONVERSION = YES;
				GCC_WARN_ABOUT_RETURN_TYPE = YES_ERROR;
				GCC_WARN_UNDECLARED_SELECTOR = YES;
				GCC_WARN_UNINITIALIZED_AUTOS = YES_AGGRESSIVE;
				GCC_WARN_UNUSED_FUNCTION = YES;
				GCC_WARN_UNUSED_VARIABLE = YES;
				MTL_ENABLE_DEBUG_INFO = INCLUDE_SOURCE;
				MTL_FAST_MATH = YES;
				ONLY_ACTIVE_ARCH = YES;
				SWIFT_ACTIVE_COMPILATION_CONDITIONS = DEBUG;
				SWIFT_OPTIMIZATION_LEVEL = "-Onone";
			};
			name = Debug;
		};
		76485E9D2A44DC6100F53AAE /* Release */ = {
			isa = XCBuildConfiguration;
			buildSettings = {
				ALWAYS_SEARCH_USER_PATHS = NO;
				CLANG_ANALYZER_NONNULL = YES;
				CLANG_ANALYZER_NUMBER_OBJECT_CONVERSION = YES_AGGRESSIVE;
				CLANG_CXX_LANGUAGE_STANDARD = "gnu++20";
				CLANG_ENABLE_MODULES = YES;
				CLANG_ENABLE_OBJC_ARC = YES;
				CLANG_ENABLE_OBJC_WEAK = YES;
				CLANG_WARN_BLOCK_CAPTURE_AUTORELEASING = YES;
				CLANG_WARN_BOOL_CONVERSION = YES;
				CLANG_WARN_COMMA = YES;
				CLANG_WARN_CONSTANT_CONVERSION = YES;
				CLANG_WARN_DEPRECATED_OBJC_IMPLEMENTATIONS = YES;
				CLANG_WARN_DIRECT_OBJC_ISA_USAGE = YES_ERROR;
				CLANG_WARN_DOCUMENTATION_COMMENTS = YES;
				CLANG_WARN_EMPTY_BODY = YES;
				CLANG_WARN_ENUM_CONVERSION = YES;
				CLANG_WARN_INFINITE_RECURSION = YES;
				CLANG_WARN_INT_CONVERSION = YES;
				CLANG_WARN_NON_LITERAL_NULL_CONVERSION = YES;
				CLANG_WARN_OBJC_IMPLICIT_RETAIN_SELF = YES;
				CLANG_WARN_OBJC_LITERAL_CONVERSION = YES;
				CLANG_WARN_OBJC_ROOT_CLASS = YES_ERROR;
				CLANG_WARN_QUOTED_INCLUDE_IN_FRAMEWORK_HEADER = YES;
				CLANG_WARN_RANGE_LOOP_ANALYSIS = YES;
				CLANG_WARN_STRICT_PROTOTYPES = YES;
				CLANG_WARN_SUSPICIOUS_MOVE = YES;
				CLANG_WARN_UNGUARDED_AVAILABILITY = YES_AGGRESSIVE;
				CLANG_WARN_UNREACHABLE_CODE = YES;
				CLANG_WARN__DUPLICATE_METHOD_MATCH = YES;
				COPY_PHASE_STRIP = NO;
				DEBUG_INFORMATION_FORMAT = "dwarf-with-dsym";
				ENABLE_NS_ASSERTIONS = NO;
				ENABLE_STRICT_OBJC_MSGSEND = YES;
				GCC_C_LANGUAGE_STANDARD = gnu11;
				GCC_NO_COMMON_BLOCKS = YES;
				GCC_WARN_64_TO_32_BIT_CONVERSION = YES;
				GCC_WARN_ABOUT_RETURN_TYPE = YES_ERROR;
				GCC_WARN_UNDECLARED_SELECTOR = YES;
				GCC_WARN_UNINITIALIZED_AUTOS = YES_AGGRESSIVE;
				GCC_WARN_UNUSED_FUNCTION = YES;
				GCC_WARN_UNUSED_VARIABLE = YES;
				MTL_ENABLE_DEBUG_INFO = NO;
				MTL_FAST_MATH = YES;
				SWIFT_COMPILATION_MODE = wholemodule;
				SWIFT_OPTIMIZATION_LEVEL = "-O";
			};
			name = Release;
		};
		76485E9F2A44DC6100F53AAE /* Debug */ = {
			isa = XCBuildConfiguration;
			buildSettings = {
				ASSETCATALOG_COMPILER_APPICON_NAME = AppIcon;
				ASSETCATALOG_COMPILER_GLOBAL_ACCENT_COLOR_NAME = AccentColor;
				CODE_SIGN_ENTITLEMENTS = SlipBox/SlipBox.entitlements;
				CODE_SIGN_STYLE = Automatic;
				CURRENT_PROJECT_VERSION = 1;
				DEVELOPMENT_ASSET_PATHS = "\"SlipBox/Preview Content\"";
				DEVELOPMENT_TEAM = PFVCA649R3;
				ENABLE_HARDENED_RUNTIME = YES;
				ENABLE_PREVIEWS = YES;
				GENERATE_INFOPLIST_FILE = YES;
				INFOPLIST_FILE = SlipBox/Info.plist;
				"INFOPLIST_KEY_UIApplicationSceneManifest_Generation[sdk=iphoneos*]" = YES;
				"INFOPLIST_KEY_UIApplicationSceneManifest_Generation[sdk=iphonesimulator*]" = YES;
				"INFOPLIST_KEY_UIApplicationSupportsIndirectInputEvents[sdk=iphoneos*]" = YES;
				"INFOPLIST_KEY_UIApplicationSupportsIndirectInputEvents[sdk=iphonesimulator*]" = YES;
				"INFOPLIST_KEY_UILaunchScreen_Generation[sdk=iphoneos*]" = YES;
				"INFOPLIST_KEY_UILaunchScreen_Generation[sdk=iphonesimulator*]" = YES;
				"INFOPLIST_KEY_UIStatusBarStyle[sdk=iphoneos*]" = UIStatusBarStyleDefault;
				"INFOPLIST_KEY_UIStatusBarStyle[sdk=iphonesimulator*]" = UIStatusBarStyleDefault;
				INFOPLIST_KEY_UISupportedInterfaceOrientations_iPad = "UIInterfaceOrientationPortrait UIInterfaceOrientationPortraitUpsideDown UIInterfaceOrientationLandscapeLeft UIInterfaceOrientationLandscapeRight";
				INFOPLIST_KEY_UISupportedInterfaceOrientations_iPhone = "UIInterfaceOrientationPortrait UIInterfaceOrientationLandscapeLeft UIInterfaceOrientationLandscapeRight";
				IPHONEOS_DEPLOYMENT_TARGET = 16.0;
				LD_RUNPATH_SEARCH_PATHS = "@executable_path/Frameworks";
				"LD_RUNPATH_SEARCH_PATHS[sdk=macosx*]" = "@executable_path/../Frameworks";
				MACOSX_DEPLOYMENT_TARGET = 13.0;
				MARKETING_VERSION = 1.0;
				PRODUCT_BUNDLE_IDENTIFIER = com.kashiash.SlipBox;
				PRODUCT_NAME = "$(TARGET_NAME)";
				SDKROOT = auto;
				SUPPORTED_PLATFORMS = "iphoneos iphonesimulator macosx";
				SWIFT_EMIT_LOC_STRINGS = YES;
				SWIFT_VERSION = 5.0;
				TARGETED_DEVICE_FAMILY = "1,2";
			};
			name = Debug;
		};
		76485EA02A44DC6100F53AAE /* Release */ = {
			isa = XCBuildConfiguration;
			buildSettings = {
				ASSETCATALOG_COMPILER_APPICON_NAME = AppIcon;
				ASSETCATALOG_COMPILER_GLOBAL_ACCENT_COLOR_NAME = AccentColor;
				CODE_SIGN_ENTITLEMENTS = SlipBox/SlipBox.entitlements;
				CODE_SIGN_STYLE = Automatic;
				CURRENT_PROJECT_VERSION = 1;
				DEVELOPMENT_ASSET_PATHS = "\"SlipBox/Preview Content\"";
				DEVELOPMENT_TEAM = PFVCA649R3;
				ENABLE_HARDENED_RUNTIME = YES;
				ENABLE_PREVIEWS = YES;
				GENERATE_INFOPLIST_FILE = YES;
				INFOPLIST_FILE = SlipBox/Info.plist;
				"INFOPLIST_KEY_UIApplicationSceneManifest_Generation[sdk=iphoneos*]" = YES;
				"INFOPLIST_KEY_UIApplicationSceneManifest_Generation[sdk=iphonesimulator*]" = YES;
				"INFOPLIST_KEY_UIApplicationSupportsIndirectInputEvents[sdk=iphoneos*]" = YES;
				"INFOPLIST_KEY_UIApplicationSupportsIndirectInputEvents[sdk=iphonesimulator*]" = YES;
				"INFOPLIST_KEY_UILaunchScreen_Generation[sdk=iphoneos*]" = YES;
				"INFOPLIST_KEY_UILaunchScreen_Generation[sdk=iphonesimulator*]" = YES;
				"INFOPLIST_KEY_UIStatusBarStyle[sdk=iphoneos*]" = UIStatusBarStyleDefault;
				"INFOPLIST_KEY_UIStatusBarStyle[sdk=iphonesimulator*]" = UIStatusBarStyleDefault;
				INFOPLIST_KEY_UISupportedInterfaceOrientations_iPad = "UIInterfaceOrientationPortrait UIInterfaceOrientationPortraitUpsideDown UIInterfaceOrientationLandscapeLeft UIInterfaceOrientationLandscapeRight";
				INFOPLIST_KEY_UISupportedInterfaceOrientations_iPhone = "UIInterfaceOrientationPortrait UIInterfaceOrientationLandscapeLeft UIInterfaceOrientationLandscapeRight";
				IPHONEOS_DEPLOYMENT_TARGET = 16.0;
				LD_RUNPATH_SEARCH_PATHS = "@executable_path/Frameworks";
				"LD_RUNPATH_SEARCH_PATHS[sdk=macosx*]" = "@executable_path/../Frameworks";
				MACOSX_DEPLOYMENT_TARGET = 13.0;
				MARKETING_VERSION = 1.0;
				PRODUCT_BUNDLE_IDENTIFIER = com.kashiash.SlipBox;
				PRODUCT_NAME = "$(TARGET_NAME)";
				SDKROOT = auto;
				SUPPORTED_PLATFORMS = "iphoneos iphonesimulator macosx";
				SWIFT_EMIT_LOC_STRINGS = YES;
				SWIFT_VERSION = 5.0;
				TARGETED_DEVICE_FAMILY = "1,2";
			};
			name = Release;
		};
		76485EA22A44DC6100F53AAE /* Debug */ = {
			isa = XCBuildConfiguration;
			buildSettings = {
				ALWAYS_EMBED_SWIFT_STANDARD_LIBRARIES = YES;
				BUNDLE_LOADER = "$(TEST_HOST)";
				CODE_SIGN_STYLE = Automatic;
				CURRENT_PROJECT_VERSION = 1;
				DEVELOPMENT_TEAM = PFVCA649R3;
				GENERATE_INFOPLIST_FILE = YES;
				IPHONEOS_DEPLOYMENT_TARGET = 16.0;
				MACOSX_DEPLOYMENT_TARGET = 13.0;
				MARKETING_VERSION = 1.0;
				PRODUCT_BUNDLE_IDENTIFIER = com.kashiash.SlipBoxTests;
				PRODUCT_NAME = "$(TARGET_NAME)";
				SDKROOT = auto;
				SUPPORTED_PLATFORMS = "iphoneos iphonesimulator macosx";
				SWIFT_EMIT_LOC_STRINGS = NO;
				SWIFT_VERSION = 5.0;
				TARGETED_DEVICE_FAMILY = "1,2";
				TEST_HOST = "$(BUILT_PRODUCTS_DIR)/SlipBox.app/$(BUNDLE_EXECUTABLE_FOLDER_PATH)/SlipBox";
			};
			name = Debug;
		};
		76485EA32A44DC6100F53AAE /* Release */ = {
			isa = XCBuildConfiguration;
			buildSettings = {
				ALWAYS_EMBED_SWIFT_STANDARD_LIBRARIES = YES;
				BUNDLE_LOADER = "$(TEST_HOST)";
				CODE_SIGN_STYLE = Automatic;
				CURRENT_PROJECT_VERSION = 1;
				DEVELOPMENT_TEAM = PFVCA649R3;
				GENERATE_INFOPLIST_FILE = YES;
				IPHONEOS_DEPLOYMENT_TARGET = 16.0;
				MACOSX_DEPLOYMENT_TARGET = 13.0;
				MARKETING_VERSION = 1.0;
				PRODUCT_BUNDLE_IDENTIFIER = com.kashiash.SlipBoxTests;
				PRODUCT_NAME = "$(TARGET_NAME)";
				SDKROOT = auto;
				SUPPORTED_PLATFORMS = "iphoneos iphonesimulator macosx";
				SWIFT_EMIT_LOC_STRINGS = NO;
				SWIFT_VERSION = 5.0;
				TARGETED_DEVICE_FAMILY = "1,2";
				TEST_HOST = "$(BUILT_PRODUCTS_DIR)/SlipBox.app/$(BUNDLE_EXECUTABLE_FOLDER_PATH)/SlipBox";
			};
			name = Release;
		};
		76485EA52A44DC6100F53AAE /* Debug */ = {
			isa = XCBuildConfiguration;
			buildSettings = {
				ALWAYS_EMBED_SWIFT_STANDARD_LIBRARIES = YES;
				CODE_SIGN_STYLE = Automatic;
				CURRENT_PROJECT_VERSION = 1;
				DEVELOPMENT_TEAM = PFVCA649R3;
				GENERATE_INFOPLIST_FILE = YES;
				IPHONEOS_DEPLOYMENT_TARGET = 16.4;
				MACOSX_DEPLOYMENT_TARGET = 13.3;
				MARKETING_VERSION = 1.0;
				PRODUCT_BUNDLE_IDENTIFIER = com.kashiash.SlipBoxUITests;
				PRODUCT_NAME = "$(TARGET_NAME)";
				SDKROOT = auto;
				SUPPORTED_PLATFORMS = "iphoneos iphonesimulator macosx";
				SWIFT_EMIT_LOC_STRINGS = NO;
				SWIFT_VERSION = 5.0;
				TARGETED_DEVICE_FAMILY = "1,2";
				TEST_TARGET_NAME = SlipBox;
			};
			name = Debug;
		};
		76485EA62A44DC6100F53AAE /* Release */ = {
			isa = XCBuildConfiguration;
			buildSettings = {
				ALWAYS_EMBED_SWIFT_STANDARD_LIBRARIES = YES;
				CODE_SIGN_STYLE = Automatic;
				CURRENT_PROJECT_VERSION = 1;
				DEVELOPMENT_TEAM = PFVCA649R3;
				GENERATE_INFOPLIST_FILE = YES;
				IPHONEOS_DEPLOYMENT_TARGET = 16.4;
				MACOSX_DEPLOYMENT_TARGET = 13.3;
				MARKETING_VERSION = 1.0;
				PRODUCT_BUNDLE_IDENTIFIER = com.kashiash.SlipBoxUITests;
				PRODUCT_NAME = "$(TARGET_NAME)";
				SDKROOT = auto;
				SUPPORTED_PLATFORMS = "iphoneos iphonesimulator macosx";
				SWIFT_EMIT_LOC_STRINGS = NO;
				SWIFT_VERSION = 5.0;
				TARGETED_DEVICE_FAMILY = "1,2";
				TEST_TARGET_NAME = SlipBox;
			};
			name = Release;
		};
/* End XCBuildConfiguration section */

/* Begin XCConfigurationList section */
		76485E6F2A44DC6000F53AAE /* Build configuration list for PBXProject "SlipBox" */ = {
			isa = XCConfigurationList;
			buildConfigurations = (
				76485E9C2A44DC6100F53AAE /* Debug */,
				76485E9D2A44DC6100F53AAE /* Release */,
			);
			defaultConfigurationIsVisible = 0;
			defaultConfigurationName = Release;
		};
		76485E9E2A44DC6100F53AAE /* Build configuration list for PBXNativeTarget "SlipBox" */ = {
			isa = XCConfigurationList;
			buildConfigurations = (
				76485E9F2A44DC6100F53AAE /* Debug */,
				76485EA02A44DC6100F53AAE /* Release */,
			);
			defaultConfigurationIsVisible = 0;
			defaultConfigurationName = Release;
		};
		76485EA12A44DC6100F53AAE /* Build configuration list for PBXNativeTarget "SlipBoxTests" */ = {
			isa = XCConfigurationList;
			buildConfigurations = (
				76485EA22A44DC6100F53AAE /* Debug */,
				76485EA32A44DC6100F53AAE /* Release */,
			);
			defaultConfigurationIsVisible = 0;
			defaultConfigurationName = Release;
		};
		76485EA42A44DC6100F53AAE /* Build configuration list for PBXNativeTarget "SlipBoxUITests" */ = {
			isa = XCConfigurationList;
			buildConfigurations = (
				76485EA52A44DC6100F53AAE /* Debug */,
				76485EA62A44DC6100F53AAE /* Release */,
			);
			defaultConfigurationIsVisible = 0;
			defaultConfigurationName = Release;
		};
/* End XCConfigurationList section */

/* Begin XCVersionGroup section */
		76485E7B2A44DC6000F53AAE /* SlipBox.xcdatamodeld */ = {
			isa = XCVersionGroup;
			children = (
				76485E7C2A44DC6000F53AAE /* SlipBox.xcdatamodel */,
			);
			currentVersion = 76485E7C2A44DC6000F53AAE /* SlipBox.xcdatamodel */;
			path = SlipBox.xcdatamodeld;
			sourceTree = "<group>";
			versionGroupType = wrapper.xcdatamodel;
		};
/* End XCVersionGroup section */
	};
	rootObject = 76485E6C2A44DC6000F53AAE /* Project object */;
}
